
Microsoft Visual Studio Solution File, Format Version 12.00
# Visual Studio Version 17
VisualStudioVersion = 17.11.35327.3
MinimumVisualStudioVersion = 10.0.40219.1
Project("{FAE04EC0-301F-11D3-BF4B-00C04F79EFBC}") = "testconsole", "testconsole.csproj", "{BE9DDEA5-CB73-4353-8AA4-8465C88824D7}"
EndProject
Global
	GlobalSection(SolutionConfigurationPlatforms) = preSolution
		Debug|Any CPU = Debug|Any CPU
		Release|Any CPU = Release|Any CPU
	EndGlobalSection
	GlobalSection(ProjectConfigurationPlatforms) = postSolution
		{BE9DDEA5-CB73-4353-8AA4-8465C88824D7}.Debug|Any CPU.ActiveCfg = Debug|Any CPU
		{BE9DDEA5-CB73-4353-8AA4-8465C88824D7}.Debug|Any CPU.Build.0 = Debug|Any CPU
		{BE9DDEA5-CB73-4353-8AA4-8465C88824D7}.Release|Any CPU.ActiveCfg = Release|Any CPU
		{BE9DDEA5-CB73-4353-8AA4-8465C88824D7}.Release|Any CPU.Build.0 = Release|Any CPU
	EndGlobalSection
	GlobalSection(SolutionProperties) = preSolution
		HideSolutionNode = FALSE
	EndGlobalSection
	GlobalSection(ExtensibilityGlobals) = postSolution
		SolutionGuid = {0D265537-9C9E-473B-B5CA-ECB1C60F436C}
	EndGlobalSection
EndGlobal
